
Microsoft Visual Studio Solution File, Format Version 12.00
# Visual Studio Version 17
VisualStudioVersion = 17.14.36511.14
MinimumVisualStudioVersion = 10.0.40219.1
Project("{FAE04EC0-301F-11D3-BF4B-00C04F79EFBC}") = "ModulWork", "ModulWork\ModulWork.csproj", "{6F8E5085-78D9-46E4-A828-27E50EF79A92}"
EndProject
Project("{2150E333-8FDC-42A3-9474-1A3956D46DE8}") = "Элементы решения", "Элементы решения", "{754FC069-D67B-A9D7-50A1-8D1CA196D8F1}"
	ProjectSection(SolutionItems) = preProject
		textPD25.txt = textPD25.txt
	EndProjectSection
EndProject
Project("{FAE04EC0-301F-11D3-BF4B-00C04F79EFBC}") = "Task2", "Task2\Task2.csproj", "{8399233B-D9A1-4DD8-A20E-DFCA8F4A6243}"
EndProject
Global
	GlobalSection(SolutionConfigurationPlatforms) = preSolution
		Debug|Any CPU = Debug|Any CPU
		Release|Any CPU = Release|Any CPU
	EndGlobalSection
	GlobalSection(ProjectConfigurationPlatforms) = postSolution
		{6F8E5085-78D9-46E4-A828-27E50EF79A92}.Debug|Any CPU.ActiveCfg = Debug|Any CPU
		{6F8E5085-78D9-46E4-A828-27E50EF79A92}.Debug|Any CPU.Build.0 = Debug|Any CPU
		{6F8E5085-78D9-46E4-A828-27E50EF79A92}.Release|Any CPU.ActiveCfg = Release|Any CPU
		{6F8E5085-78D9-46E4-A828-27E50EF79A92}.Release|Any CPU.Build.0 = Release|Any CPU
		{8399233B-D9A1-4DD8-A20E-DFCA8F4A6243}.Debug|Any CPU.ActiveCfg = Debug|Any CPU
		{8399233B-D9A1-4DD8-A20E-DFCA8F4A6243}.Debug|Any CPU.Build.0 = Debug|Any CPU
		{8399233B-D9A1-4DD8-A20E-DFCA8F4A6243}.Release|Any CPU.ActiveCfg = Release|Any CPU
		{8399233B-D9A1-4DD8-A20E-DFCA8F4A6243}.Release|Any CPU.Build.0 = Release|Any CPU
	EndGlobalSection
	GlobalSection(SolutionProperties) = preSolution
		HideSolutionNode = FALSE
	EndGlobalSection
	GlobalSection(ExtensibilityGlobals) = postSolution
		SolutionGuid = {D34D6C71-5F70-4FEE-9DB4-61414F73C7AD}
	EndGlobalSection
EndGlobal
